
Microsoft Visual Studio Solution File, Format Version 12.00
# Visual Studio Version 16
VisualStudioVersion = 16.0.32126.315
MinimumVisualStudioVersion = 10.0.40219.1
Project("{888888A0-9F3D-457C-B088-3A5042F75D52}") = "Euler_046_Py", "Euler_046_Py.pyproj", "{3CA100D7-1906-486F-BF8A-F01C928C3B9A}"
EndProject
Global
	GlobalSection(SolutionConfigurationPlatforms) = preSolution
		Debug|Any CPU = Debug|Any CPU
		Release|Any CPU = Release|Any CPU
	EndGlobalSection
	GlobalSection(ProjectConfigurationPlatforms) = postSolution
		{3CA100D7-1906-486F-BF8A-F01C928C3B9A}.Debug|Any CPU.ActiveCfg = Debug|Any CPU
		{3CA100D7-1906-486F-BF8A-F01C928C3B9A}.Release|Any CPU.ActiveCfg = Release|Any CPU
	EndGlobalSection
	GlobalSection(SolutionProperties) = preSolution
		HideSolutionNode = FALSE
	EndGlobalSection
	GlobalSection(ExtensibilityGlobals) = postSolution
		SolutionGuid = {F2EEE92B-2531-4310-B8FD-7F692FBD21C3}
	EndGlobalSection
EndGlobal
